
Microsoft Visual Studio Solution File, Format Version 12.00
# Visual Studio Version 17
VisualStudioVersion = 17.7.34009.444
MinimumVisualStudioVersion = 10.0.40219.1
Project("{FAE04EC0-301F-11D3-BF4B-00C04F79EFBC}") = "Picking Apart Expresion Trees LambdaExpression", "Picking Apart Expresion Trees LambdaExpression\Picking Apart Expresion Trees LambdaExpression.csproj", "{6E90A2B1-711B-46F1-AC51-A7F47C3D21E5}"
EndProject
Global
	GlobalSection(SolutionConfigurationPlatforms) = preSolution
		Debug|Any CPU = Debug|Any CPU
		Release|Any CPU = Release|Any CPU
	EndGlobalSection
	GlobalSection(ProjectConfigurationPlatforms) = postSolution
		{6E90A2B1-711B-46F1-AC51-A7F47C3D21E5}.Debug|Any CPU.ActiveCfg = Debug|Any CPU
		{6E90A2B1-711B-46F1-AC51-A7F47C3D21E5}.Debug|Any CPU.Build.0 = Debug|Any CPU
		{6E90A2B1-711B-46F1-AC51-A7F47C3D21E5}.Release|Any CPU.ActiveCfg = Release|Any CPU
		{6E90A2B1-711B-46F1-AC51-A7F47C3D21E5}.Release|Any CPU.Build.0 = Release|Any CPU
	EndGlobalSection
	GlobalSection(SolutionProperties) = preSolution
		HideSolutionNode = FALSE
	EndGlobalSection
	GlobalSection(ExtensibilityGlobals) = postSolution
		SolutionGuid = {CB3B5F75-FBDC-4F24-8357-CB37F3CD5E92}
	EndGlobalSection
EndGlobal
